
Microsoft Visual Studio Solution File, Format Version 12.00
# Visual Studio Version 17
VisualStudioVersion = 17.1.32421.90
MinimumVisualStudioVersion = 10.0.40219.1
Project("{9A19103F-16F7-4668-BE54-9A1E7A4F7556}") = "StockGenie.DataObjects", "StockGenie.DataObjects\StockGenie.DataObjects.csproj", "{FDA37B43-80F5-4E3E-9EE1-60BF2ADF09AA}"
EndProject
Project("{9A19103F-16F7-4668-BE54-9A1E7A4F7556}") = "StockGenie.External", "StockGenie.External\StockGenie.External.csproj", "{C192226E-2F94-4261-A796-9633E568CCE4}"
EndProject
Project("{9A19103F-16F7-4668-BE54-9A1E7A4F7556}") = "StockGenie.DAL", "StockGenie.DAL\StockGenie.DAL.csproj", "{14CA6B8D-FE3D-4564-8710-D9CA2B33FBFA}"
EndProject
Project("{9A19103F-16F7-4668-BE54-9A1E7A4F7556}") = "StockGenie.External.Crypto", "StockGenie.External.Crypto\StockGenie.External.Crypto.csproj", "{B2EA8763-D463-47A1-B912-3C13CE34F281}"
EndProject
Project("{9A19103F-16F7-4668-BE54-9A1E7A4F7556}") = "StockGenie.Interfaces", "StockGenie.Interfaces\StockGenie.Interfaces.csproj", "{4D1FFC2A-3595-4D39-B74D-FC33843EF80B}"
EndProject
Project("{9A19103F-16F7-4668-BE54-9A1E7A4F7556}") = "StockGenie.External.Stocks", "StockGenie.External.Stocks\StockGenie.External.Stocks.csproj", "{359FB1D7-7284-4E4A-851B-6E38BB06829D}"
EndProject
Project("{9A19103F-16F7-4668-BE54-9A1E7A4F7556}") = "StockGenie.Tests", "StockGenie.Tests\StockGenie.Tests.csproj", "{0DE87127-039B-4F84-8A80-61B33D7C103C}"
EndProject
Project("{9A19103F-16F7-4668-BE54-9A1E7A4F7556}") = "StockGenie", "StockGenie.API\StockGenie.csproj", "{38A24249-D7D9-4E83-92DE-2C79E94811BA}"
EndProject
Global
	GlobalSection(SolutionConfigurationPlatforms) = preSolution
		Debug|Any CPU = Debug|Any CPU
		Debug|x64 = Debug|x64
		Debug|x86 = Debug|x86
		Release|Any CPU = Release|Any CPU
		Release|x64 = Release|x64
		Release|x86 = Release|x86
	EndGlobalSection
	GlobalSection(ProjectConfigurationPlatforms) = postSolution
		{FDA37B43-80F5-4E3E-9EE1-60BF2ADF09AA}.Debug|Any CPU.ActiveCfg = Debug|Any CPU
		{FDA37B43-80F5-4E3E-9EE1-60BF2ADF09AA}.Debug|Any CPU.Build.0 = Debug|Any CPU
		{FDA37B43-80F5-4E3E-9EE1-60BF2ADF09AA}.Debug|x64.ActiveCfg = Debug|Any CPU
		{FDA37B43-80F5-4E3E-9EE1-60BF2ADF09AA}.Debug|x64.Build.0 = Debug|Any CPU
		{FDA37B43-80F5-4E3E-9EE1-60BF2ADF09AA}.Debug|x86.ActiveCfg = Debug|Any CPU
		{FDA37B43-80F5-4E3E-9EE1-60BF2ADF09AA}.Debug|x86.Build.0 = Debug|Any CPU
		{FDA37B43-80F5-4E3E-9EE1-60BF2ADF09AA}.Release|Any CPU.ActiveCfg = Release|Any CPU
		{FDA37B43-80F5-4E3E-9EE1-60BF2ADF09AA}.Release|Any CPU.Build.0 = Release|Any CPU
		{FDA37B43-80F5-4E3E-9EE1-60BF2ADF09AA}.Release|x64.ActiveCfg = Release|Any CPU
		{FDA37B43-80F5-4E3E-9EE1-60BF2ADF09AA}.Release|x64.Build.0 = Release|Any CPU
		{FDA37B43-80F5-4E3E-9EE1-60BF2ADF09AA}.Release|x86.ActiveCfg = Release|Any CPU
		{FDA37B43-80F5-4E3E-9EE1-60BF2ADF09AA}.Release|x86.Build.0 = Release|Any CPU
		{C192226E-2F94-4261-A796-9633E568CCE4}.Debug|Any CPU.ActiveCfg = Debug|Any CPU
		{C192226E-2F94-4261-A796-9633E568CCE4}.Debug|Any CPU.Build.0 = Debug|Any CPU
		{C192226E-2F94-4261-A796-9633E568CCE4}.Debug|x64.ActiveCfg = Debug|Any CPU
		{C192226E-2F94-4261-A796-9633E568CCE4}.Debug|x64.Build.0 = Debug|Any CPU
		{C192226E-2F94-4261-A796-9633E568CCE4}.Debug|x86.ActiveCfg = Debug|Any CPU
		{C192226E-2F94-4261-A796-9633E568CCE4}.Debug|x86.Build.0 = Debug|Any CPU
		{C192226E-2F94-4261-A796-9633E568CCE4}.Release|Any CPU.ActiveCfg = Release|Any CPU
		{C192226E-2F94-4261-A796-9633E568CCE4}.Release|Any CPU.Build.0 = Release|Any CPU
		{C192226E-2F94-4261-A796-9633E568CCE4}.Release|x64.ActiveCfg = Release|Any CPU
		{C192226E-2F94-4261-A796-9633E568CCE4}.Release|x64.Build.0 = Release|Any CPU
		{C192226E-2F94-4261-A796-9633E568CCE4}.Release|x86.ActiveCfg = Release|Any CPU
		{C192226E-2F94-4261-A796-9633E568CCE4}.Release|x86.Build.0 = Release|Any CPU
		{14CA6B8D-FE3D-4564-8710-D9CA2B33FBFA}.Debug|Any CPU.ActiveCfg = Debug|Any CPU
		{14CA6B8D-FE3D-4564-8710-D9CA2B33FBFA}.Debug|Any CPU.Build.0 = Debug|Any CPU
		{14CA6B8D-FE3D-4564-8710-D9CA2B33FBFA}.Debug|x64.ActiveCfg = Debug|Any CPU
		{14CA6B8D-FE3D-4564-8710-D9CA2B33FBFA}.Debug|x64.Build.0 = Debug|Any CPU
		{14CA6B8D-FE3D-4564-8710-D9CA2B33FBFA}.Debug|x86.ActiveCfg = Debug|Any CPU
		{14CA6B8D-FE3D-4564-8710-D9CA2B33FBFA}.Debug|x86.Build.0 = Debug|Any CPU
		{14CA6B8D-FE3D-4564-8710-D9CA2B33FBFA}.Release|Any CPU.ActiveCfg = Release|Any CPU
		{14CA6B8D-FE3D-4564-8710-D9CA2B33FBFA}.Release|Any CPU.Build.0 = Release|Any CPU
		{14CA6B8D-FE3D-4564-8710-D9CA2B33FBFA}.Release|x64.ActiveCfg = Release|Any CPU
		{14CA6B8D-FE3D-4564-8710-D9CA2B33FBFA}.Release|x64.Build.0 = Release|Any CPU
		{14CA6B8D-FE3D-4564-8710-D9CA2B33FBFA}.Release|x86.ActiveCfg = Release|Any CPU
		{14CA6B8D-FE3D-4564-8710-D9CA2B33FBFA}.Release|x86.Build.0 = Release|Any CPU
		{B2EA8763-D463-47A1-B912-3C13CE34F281}.Debug|Any CPU.ActiveCfg = Debug|Any CPU
		{B2EA8763-D463-47A1-B912-3C13CE34F281}.Debug|Any CPU.Build.0 = Debug|Any CPU
		{B2EA8763-D463-47A1-B912-3C13CE34F281}.Debug|x64.ActiveCfg = Debug|Any CPU
		{B2EA8763-D463-47A1-B912-3C13CE34F281}.Debug|x64.Build.0 = Debug|Any CPU
		{B2EA8763-D463-47A1-B912-3C13CE34F281}.Debug|x86.ActiveCfg = Debug|Any CPU
		{B2EA8763-D463-47A1-B912-3C13CE34F281}.Debug|x86.Build.0 = Debug|Any CPU
		{B2EA8763-D463-47A1-B912-3C13CE34F281}.Release|Any CPU.ActiveCfg = Release|Any CPU
		{B2EA8763-D463-47A1-B912-3C13CE34F281}.Release|Any CPU.Build.0 = Release|Any CPU
		{B2EA8763-D463-47A1-B912-3C13CE34F281}.Release|x64.ActiveCfg = Release|Any CPU
		{B2EA8763-D463-47A1-B912-3C13CE34F281}.Release|x64.Build.0 = Release|Any CPU
		{B2EA8763-D463-47A1-B912-3C13CE34F281}.Release|x86.ActiveCfg = Release|Any CPU
		{B2EA8763-D463-47A1-B912-3C13CE34F281}.Release|x86.Build.0 = Release|Any CPU
		{4D1FFC2A-3595-4D39-B74D-FC33843EF80B}.Debug|Any CPU.ActiveCfg = Debug|Any CPU
		{4D1FFC2A-3595-4D39-B74D-FC33843EF80B}.Debug|Any CPU.Build.0 = Debug|Any CPU
		{4D1FFC2A-3595-4D39-B74D-FC33843EF80B}.Debug|x64.ActiveCfg = Debug|Any CPU
		{4D1FFC2A-3595-4D39-B74D-FC33843EF80B}.Debug|x64.Build.0 = Debug|Any CPU
		{4D1FFC2A-3595-4D39-B74D-FC33843EF80B}.Debug|x86.ActiveCfg = Debug|Any CPU
		{4D1FFC2A-3595-4D39-B74D-FC33843EF80B}.Debug|x86.Build.0 = Debug|Any CPU
		{4D1FFC2A-3595-4D39-B74D-FC33843EF80B}.Release|Any CPU.ActiveCfg = Release|Any CPU
		{4D1FFC2A-3595-4D39-B74D-FC33843EF80B}.Release|Any CPU.Build.0 = Release|Any CPU
		{4D1FFC2A-3595-4D39-B74D-FC33843EF80B}.Release|x64.ActiveCfg = Release|Any CPU
		{4D1FFC2A-3595-4D39-B74D-FC33843EF80B}.Release|x64.Build.0 = Release|Any CPU
		{4D1FFC2A-3595-4D39-B74D-FC33843EF80B}.Release|x86.ActiveCfg = Release|Any CPU
		{4D1FFC2A-3595-4D39-B74D-FC33843EF80B}.Release|x86.Build.0 = Release|Any CPU
		{359FB1D7-7284-4E4A-851B-6E38BB06829D}.Debug|Any CPU.ActiveCfg = Debug|Any CPU
		{359FB1D7-7284-4E4A-851B-6E38BB06829D}.Debug|Any CPU.Build.0 = Debug|Any CPU
		{359FB1D7-7284-4E4A-851B-6E38BB06829D}.Debug|x64.ActiveCfg = Debug|Any CPU
		{359FB1D7-7284-4E4A-851B-6E38BB06829D}.Debug|x64.Build.0 = Debug|Any CPU
		{359FB1D7-7284-4E4A-851B-6E38BB06829D}.Debug|x86.ActiveCfg = Debug|Any CPU
		{359FB1D7-7284-4E4A-851B-6E38BB06829D}.Debug|x86.Build.0 = Debug|Any CPU
		{359FB1D7-7284-4E4A-851B-6E38BB06829D}.Release|Any CPU.ActiveCfg = Release|Any CPU
		{359FB1D7-7284-4E4A-851B-6E38BB06829D}.Release|Any CPU.Build.0 = Release|Any CPU
		{359FB1D7-7284-4E4A-851B-6E38BB06829D}.Release|x64.ActiveCfg = Release|Any CPU
		{359FB1D7-7284-4E4A-851B-6E38BB06829D}.Release|x64.Build.0 = Release|Any CPU
		{359FB1D7-7284-4E4A-851B-6E38BB06829D}.Release|x86.ActiveCfg = Release|Any CPU
		{359FB1D7-7284-4E4A-851B-6E38BB06829D}.Release|x86.Build.0 = Release|Any CPU
		{0DE87127-039B-4F84-8A80-61B33D7C103C}.Debug|Any CPU.ActiveCfg = Debug|Any CPU
		{0DE87127-039B-4F84-8A80-61B33D7C103C}.Debug|Any CPU.Build.0 = Debug|Any CPU
		{0DE87127-039B-4F84-8A80-61B33D7C103C}.Debug|x64.ActiveCfg = Debug|Any CPU
		{0DE87127-039B-4F84-8A80-61B33D7C103C}.Debug|x64.Build.0 = Debug|Any CPU
		{0DE87127-039B-4F84-8A80-61B33D7C103C}.Debug|x86.ActiveCfg = Debug|Any CPU
		{0DE87127-039B-4F84-8A80-61B33D7C103C}.Debug|x86.Build.0 = Debug|Any CPU
		{0DE87127-039B-4F84-8A80-61B33D7C103C}.Release|Any CPU.ActiveCfg = Release|Any CPU
		{0DE87127-039B-4F84-8A80-61B33D7C103C}.Release|Any CPU.Build.0 = Release|Any CPU
		{0DE87127-039B-4F84-8A80-61B33D7C103C}.Release|x64.ActiveCfg = Release|Any CPU
		{0DE87127-039B-4F84-8A80-61B33D7C103C}.Release|x64.Build.0 = Release|Any CPU
		{0DE87127-039B-4F84-8A80-61B33D7C103C}.Release|x86.ActiveCfg = Release|Any CPU
		{0DE87127-039B-4F84-8A80-61B33D7C103C}.Release|x86.Build.0 = Release|Any CPU
		{38A24249-D7D9-4E83-92DE-2C79E94811BA}.Debug|Any CPU.ActiveCfg = Debug|Any CPU
		{38A24249-D7D9-4E83-92DE-2C79E94811BA}.Debug|Any CPU.Build.0 = Debug|Any CPU
		{38A24249-D7D9-4E83-92DE-2C79E94811BA}.Debug|x64.ActiveCfg = Debug|Any CPU
		{38A24249-D7D9-4E83-92DE-2C79E94811BA}.Debug|x64.Build.0 = Debug|Any CPU
		{38A24249-D7D9-4E83-92DE-2C79E94811BA}.Debug|x86.ActiveCfg = Debug|Any CPU
		{38A24249-D7D9-4E83-92DE-2C79E94811BA}.Debug|x86.Build.0 = Debug|Any CPU
		{38A24249-D7D9-4E83-92DE-2C79E94811BA}.Release|Any CPU.ActiveCfg = Release|Any CPU
		{38A24249-D7D9-4E83-92DE-2C79E94811BA}.Release|Any CPU.Build.0 = Release|Any CPU
		{38A24249-D7D9-4E83-92DE-2C79E94811BA}.Release|x64.ActiveCfg = Release|Any CPU
		{38A24249-D7D9-4E83-92DE-2C79E94811BA}.Release|x64.Build.0 = Release|Any CPU
		{38A24249-D7D9-4E83-92DE-2C79E94811BA}.Release|x86.ActiveCfg = Release|Any CPU
		{38A24249-D7D9-4E83-92DE-2C79E94811BA}.Release|x86.Build.0 = Release|Any CPU
	EndGlobalSection
	GlobalSection(SolutionProperties) = preSolution
		HideSolutionNode = FALSE
	EndGlobalSection
	GlobalSection(ExtensibilityGlobals) = postSolution
		SolutionGuid = {AD448485-FED4-4922-910F-9C7CC19474D4}
	EndGlobalSection
EndGlobal
